
Microsoft Visual Studio Solution File, Format Version 12.00
# Visual Studio Version 17
VisualStudioVersion = 17.13.35825.156 d17.13
MinimumVisualStudioVersion = 10.0.40219.1
Project("{FAE04EC0-301F-11D3-BF4B-00C04F79EFBC}") = "ATA.WebApp", "ATA.WebApp\ATA.WebApp.csproj", "{60A1A539-14C1-4B6B-8745-AA7114752A88}"
EndProject
Global
	GlobalSection(SolutionConfigurationPlatforms) = preSolution
		Debug|Any CPU = Debug|Any CPU
		Release|Any CPU = Release|Any CPU
	EndGlobalSection
	GlobalSection(ProjectConfigurationPlatforms) = postSolution
		{60A1A539-14C1-4B6B-8745-AA7114752A88}.Debug|Any CPU.ActiveCfg = Debug|Any CPU
		{60A1A539-14C1-4B6B-8745-AA7114752A88}.Debug|Any CPU.Build.0 = Debug|Any CPU
		{60A1A539-14C1-4B6B-8745-AA7114752A88}.Release|Any CPU.ActiveCfg = Release|Any CPU
		{60A1A539-14C1-4B6B-8745-AA7114752A88}.Release|Any CPU.Build.0 = Release|Any CPU
	EndGlobalSection
	GlobalSection(SolutionProperties) = preSolution
		HideSolutionNode = FALSE
	EndGlobalSection
	GlobalSection(ExtensibilityGlobals) = postSolution
		SolutionGuid = {7A7F98B0-86B5-4F64-920F-0FF6D4ABF444}
	EndGlobalSection
EndGlobal
